
Microsoft Visual Studio Solution File, Format Version 12.00
# Visual Studio Version 16
VisualStudioVersion = 16.0.31515.178
MinimumVisualStudioVersion = 10.0.40219.1
Project("{FAE04EC0-301F-11D3-BF4B-00C04F79EFBC}") = "WebStore", "WebStore\WebStore.csproj", "{C8E82996-2F09-4076-952E-7F8C2E255E8A}"
EndProject
Global
	GlobalSection(SolutionConfigurationPlatforms) = preSolution
		Debug|Any CPU = Debug|Any CPU
		Release|Any CPU = Release|Any CPU
	EndGlobalSection
	GlobalSection(ProjectConfigurationPlatforms) = postSolution
		{C8E82996-2F09-4076-952E-7F8C2E255E8A}.Debug|Any CPU.ActiveCfg = Debug|Any CPU
		{C8E82996-2F09-4076-952E-7F8C2E255E8A}.Debug|Any CPU.Build.0 = Debug|Any CPU
		{C8E82996-2F09-4076-952E-7F8C2E255E8A}.Release|Any CPU.ActiveCfg = Release|Any CPU
		{C8E82996-2F09-4076-952E-7F8C2E255E8A}.Release|Any CPU.Build.0 = Release|Any CPU
	EndGlobalSection
	GlobalSection(SolutionProperties) = preSolution
		HideSolutionNode = FALSE
	EndGlobalSection
	GlobalSection(ExtensibilityGlobals) = postSolution
		SolutionGuid = {D0A93DD6-C3DB-488C-A361-D372128746E8}
	EndGlobalSection
EndGlobal
